{
  "R": {
    "Version": "4.0.2",
    "Repositories": [
      {
        "Name": "CRAN",
        "URL": "https://cran.rstudio.com"
      }
    ]
  },
  "Packages": {
    "Formula": {
      "Package": "Formula",
      "Version": "1.2-4",
      "Source": "Repository",
      "Repository": "CRAN",
      "Requirements": [
        "R",
        "stats"
      ],
      "Hash": "cc8c8c4d61346cde1ca60030ff9c241f"
    },
    "Hmisc": {
      "Package": "Hmisc",
      "Version": "4.5-0",
      "Source": "Repository",
      "Repository": "CRAN",
      "Requirements": [
        "Formula",
        "base64enc",
        "cluster",
        "data.table",
        "foreign",
        "ggplot2",
        "grid",
        "gridExtra",
        "gtable",
        "htmlTable",
        "htmltools",
        "lattice",
        "latticeExtra",
        "methods",
        "nnet",
        "rpart",
        "survival",
        "viridis"
      ],
      "Hash": "6d0e5aada1900c1bc778c00573aefd53"
    },
    "MASS": {
      "Package": "MASS",
      "Version": "7.3-51.6",
      "Source": "Repository",
      "Repository": "CRAN",
      "Requirements": [
        "R",
        "grDevices",
        "graphics",
        "methods",
        "stats",
        "utils"
      ],
      "Hash": "1dad32ac9dbd8057167b2979fb932ff7"
    },
    "Matrix": {
      "Package": "Matrix",
      "Version": "1.2-18",
      "Source": "Repository",
      "Repository": "CRAN",
      "Requirements": [
        "R",
        "graphics",
        "grid",
        "lattice",
        "methods",
        "stats",
        "utils"
      ],
      "Hash": "08588806cba69f04797dab50627428ed"
    },
    "R6": {
      "Package": "R6",
      "Version": "2.5.1",
      "Source": "Repository",
      "Repository": "CRAN",
      "Requirements": [
        "R"
      ],
      "Hash": "470851b6d5d0ac559e9d01bb352b4021"
    },
    "RColorBrewer": {
      "Package": "RColorBrewer",
      "Version": "1.1-3",
      "Source": "Repository",
      "Repository": "CRAN",
      "Requirements": [
        "R"
      ],
      "Hash": "45f0398006e83a5b10b72a90663d8d8c"
    },
    "Rcpp": {
      "Package": "Rcpp",
      "Version": "1.0.10",
      "Source": "Repository",
      "Repository": "CRAN",
      "Requirements": [
        "methods",
        "utils"
      ],
      "Hash": "e749cae40fa9ef469b6050959517453c"
    },
    "backports": {
      "Package": "backports",
      "Version": "1.1.10",
      "Source": "Repository",
      "Repository": "CRAN",
      "Requirements": [
        "R",
        "utils"
      ],
      "Hash": "05ffd2d4acb51aee70f1de68ad7a6aed"
    },
    "base64enc": {
      "Package": "base64enc",
      "Version": "0.1-3",
      "Source": "Repository",
      "Repository": "CRAN",
      "Requirements": [
        "R"
      ],
      "Hash": "543776ae6848fde2f48ff3816d0628bc"
    },
    "boot": {
      "Package": "boot",
      "Version": "1.3-25",
      "Source": "Repository",
      "Repository": "CRAN",
      "Requirements": [
        "R",
        "graphics",
        "stats"
      ],
      "Hash": "bd51734a754b6c2baf28b2d1ebc11e91"
    },
    "checkmate": {
      "Package": "checkmate",
      "Version": "2.0.0",
      "Source": "Repository",
      "Repository": "CRAN",
      "Requirements": [
        "R",
        "backports",
        "utils"
      ],
      "Hash": "a667800d5f0350371bedeb8b8b950289"
    },
    "cli": {
      "Package": "cli",
      "Version": "3.6.1",
      "Source": "Repository",
      "Repository": "CRAN",
      "Requirements": [
        "R",
        "utils"
      ],
      "Hash": "89e6d8219950eac806ae0c489052048a"
    },
    "cluster": {
      "Package": "cluster",
      "Version": "2.1.0",
      "Source": "Repository",
      "Repository": "CRAN",
      "Requirements": [
        "R",
        "grDevices",
        "graphics",
        "stats",
        "utils"
      ],
      "Hash": "db63a44aab5aadcb6bf2f129751d129a"
    },
    "colorspace": {
      "Package": "colorspace",
      "Version": "2.1-0",
      "Source": "Repository",
      "Repository": "CRAN",
      "Requirements": [
        "R",
        "grDevices",
        "graphics",
        "methods",
        "stats"
      ],
      "Hash": "f20c47fd52fae58b4e377c37bb8c335b"
    },
    "cpp11": {
      "Package": "cpp11",
      "Version": "0.4.3",
      "Source": "Repository",
      "Repository": "CRAN",
      "Hash": "ed588261931ee3be2c700d22e94a29ab"
    },
    "data.table": {
      "Package": "data.table",
      "Version": "1.14.0",
      "Source": "Repository",
      "Repository": "CRAN",
      "Requirements": [
        "R",
        "methods"
      ],
      "Hash": "d1b8b1a821ee564a3515fa6c6d5c52dc"
    },
    "digest": {
      "Package": "digest",
      "Version": "0.6.27",
      "Source": "Repository",
      "Repository": "CRAN",
      "Requirements": [
        "R",
        "utils"
      ],
      "Hash": "a0cbe758a531d054b537d16dff4d58a1"
    },
    "dplyr": {
      "Package": "dplyr",
      "Version": "1.1.2",
      "Source": "Repository",
      "Repository": "CRAN",
      "Requirements": [
        "R",
        "R6",
        "cli",
        "generics",
        "glue",
        "lifecycle",
        "magrittr",
        "methods",
        "pillar",
        "rlang",
        "tibble",
        "tidyselect",
        "utils",
        "vctrs"
      ],
      "Hash": "dea6970ff715ca541c387de363ff405e"
    },
    "evaluate": {
      "Package": "evaluate",
      "Version": "0.16",
      "Source": "Repository",
      "Repository": "CRAN",
      "Requirements": [
        "R",
        "methods"
      ],
      "Hash": "9a3d3c345f8a5648abe61608aaa29518"
    },
    "fansi": {
      "Package": "fansi",
      "Version": "1.0.4",
      "Source": "Repository",
      "Repository": "CRAN",
      "Requirements": [
        "R",
        "grDevices",
        "utils"
      ],
      "Hash": "1d9e7ad3c8312a192dea7d3db0274fde"
    },
    "farver": {
      "Package": "farver",
      "Version": "2.1.1",
      "Source": "Repository",
      "Repository": "CRAN",
      "Hash": "8106d78941f34855c440ddb946b8f7a5"
    },
    "foreign": {
      "Package": "foreign",
      "Version": "0.8-80",
      "Source": "Repository",
      "Repository": "CRAN",
      "Requirements": [
        "R",
        "methods",
        "stats",
        "utils"
      ],
      "Hash": "ae1b1e15cc6ccb2bc61c0ac33e86d35f"
    },
    "generics": {
      "Package": "generics",
      "Version": "0.1.3",
      "Source": "Repository",
      "Repository": "CRAN",
      "Requirements": [
        "R",
        "methods"
      ],
      "Hash": "15e9634c0fcd294799e9b2e929ed1b86"
    },
    "ggplot2": {
      "Package": "ggplot2",
      "Version": "3.4.2",
      "Source": "Repository",
      "Repository": "CRAN",
      "Requirements": [
        "MASS",
        "R",
        "cli",
        "glue",
        "grDevices",
        "grid",
        "gtable",
        "isoband",
        "lifecycle",
        "mgcv",
        "rlang",
        "scales",
        "stats",
        "tibble",
        "vctrs",
        "withr"
      ],
      "Hash": "3a147ee02e85a8941aad9909f1b43b7b"
    },
    "glue": {
      "Package": "glue",
      "Version": "1.6.2",
      "Source": "Repository",
      "Repository": "CRAN",
      "Requirements": [
        "R",
        "methods"
      ],
      "Hash": "4f2596dfb05dac67b9dc558e5c6fba2e"
    },
    "gridExtra": {
      "Package": "gridExtra",
      "Version": "2.3",
      "Source": "Repository",
      "Repository": "CRAN",
      "Requirements": [
        "grDevices",
        "graphics",
        "grid",
        "gtable",
        "utils"
      ],
      "Hash": "7d7f283939f563670a697165b2cf5560"
    },
    "gtable": {
      "Package": "gtable",
      "Version": "0.3.3",
      "Source": "Repository",
      "Repository": "CRAN",
      "Requirements": [
        "R",
        "cli",
        "glue",
        "grid",
        "lifecycle",
        "rlang"
      ],
      "Hash": "b44addadb528a0d227794121c00572a0"
    },
    "highr": {
      "Package": "highr",
      "Version": "0.8",
      "Source": "Repository",
      "Repository": "CRAN",
      "Requirements": [
        "R"
      ],
      "Hash": "4dc5bb88961e347a0f4d8aad597cbfac"
    },
    "htmlTable": {
      "Package": "htmlTable",
      "Version": "2.1.0",
      "Source": "Repository",
      "Repository": "CRAN",
      "Requirements": [
        "checkmate",
        "htmltools",
        "htmlwidgets",
        "knitr",
        "magrittr",
        "methods",
        "rstudioapi",
        "stringr"
      ],
      "Hash": "4f2a742fc75dedafe660e3b47a37680e"
    },
    "htmltools": {
      "Package": "htmltools",
      "Version": "0.5.0",
      "Source": "Repository",
      "Repository": "CRAN",
      "Requirements": [
        "R",
        "base64enc",
        "digest",
        "grDevices",
        "rlang",
        "utils"
      ],
      "Hash": "7d651b7131794fe007b1ad6f21aaa401"
    },
    "htmlwidgets": {
      "Package": "htmlwidgets",
      "Version": "1.5.3",
      "Source": "Repository",
      "Repository": "CRAN",
      "Requirements": [
        "grDevices",
        "htmltools",
        "jsonlite",
        "yaml"
      ],
      "Hash": "6fdaa86d0700f8b3e92ee3c445a5a10d"
    },
    "isoband": {
      "Package": "isoband",
      "Version": "0.2.7",
      "Source": "Repository",
      "Repository": "CRAN",
      "Requirements": [
        "grid",
        "utils"
      ],
      "Hash": "0080607b4a1a7b28979aecef976d8bc2"
    },
    "jpeg": {
      "Package": "jpeg",
      "Version": "0.1-8.1",
      "Source": "Repository",
      "Repository": "CRAN",
      "Requirements": [
        "R"
      ],
      "Hash": "bc316c003aba520fc73d70ad53b5fc36"
    },
    "jsonlite": {
      "Package": "jsonlite",
      "Version": "1.7.2",
      "Source": "Repository",
      "Repository": "CRAN",
      "Requirements": [
        "methods"
      ],
      "Hash": "98138e0994d41508c7a6b84a0600cfcb"
    },
    "knitr": {
      "Package": "knitr",
      "Version": "1.40",
      "Source": "Repository",
      "Repository": "CRAN",
      "Requirements": [
        "R",
        "evaluate",
        "highr",
        "methods",
        "stringr",
        "tools",
        "xfun",
        "yaml"
      ],
      "Hash": "caea8b0f899a0b1738444b9bc47067e7"
    },
    "labeling": {
      "Package": "labeling",
      "Version": "0.4.2",
      "Source": "Repository",
      "Repository": "CRAN",
      "Requirements": [
        "graphics",
        "stats"
      ],
      "Hash": "3d5108641f47470611a32d0bdf357a72"
    },
    "lattice": {
      "Package": "lattice",
      "Version": "0.20-41",
      "Source": "Repository",
      "Repository": "CRAN",
      "Requirements": [
        "R",
        "grDevices",
        "graphics",
        "grid",
        "stats",
        "utils"
      ],
      "Hash": "fbd9285028b0263d76d18c95ae51a53d"
    },
    "latticeExtra": {
      "Package": "latticeExtra",
      "Version": "0.6-29",
      "Source": "Repository",
      "Repository": "CRAN",
      "Requirements": [
        "R",
        "RColorBrewer",
        "grDevices",
        "grid",
        "jpeg",
        "lattice",
        "png",
        "stats",
        "utils"
      ],
      "Hash": "590829599d6182cf7461787af34666ee"
    },
    "lifecycle": {
      "Package": "lifecycle",
      "Version": "1.0.3",
      "Source": "Repository",
      "Repository": "CRAN",
      "Requirements": [
        "R",
        "cli",
        "glue",
        "rlang"
      ],
      "Hash": "001cecbeac1cff9301bdc3775ee46a86"
    },
    "lubridate": {
      "Package": "lubridate",
      "Version": "1.8.0",
      "Source": "Repository",
      "Repository": "CRAN",
      "Requirements": [
        "R",
        "cpp11",
        "generics",
        "methods"
      ],
      "Hash": "2ff5eedb6ee38fb1b81205c73be1be5a"
    },
    "magrittr": {
      "Package": "magrittr",
      "Version": "2.0.3",
      "Source": "Repository",
      "Repository": "CRAN",
      "Requirements": [
        "R"
      ],
      "Hash": "7ce2733a9826b3aeb1775d56fd305472"
    },
    "mgcv": {
      "Package": "mgcv",
      "Version": "1.8-31",
      "Source": "Repository",
      "Repository": "CRAN",
      "Requirements": [
        "Matrix",
        "R",
        "graphics",
        "methods",
        "nlme",
        "splines",
        "stats",
        "utils"
      ],
      "Hash": "4bb7e0c4f3557583e1e8d3c9ffb8ba5c"
    },
    "mnormt": {
      "Package": "mnormt",
      "Version": "2.0.2",
      "Source": "Repository",
      "Repository": "CRAN",
      "Requirements": [
        "R",
        "tmvnsim"
      ],
      "Hash": "7e6ee68a01d6c87c69087d4a250ee763"
    },
    "munsell": {
      "Package": "munsell",
      "Version": "0.5.0",
      "Source": "Repository",
      "Repository": "CRAN",
      "Requirements": [
        "colorspace",
        "methods"
      ],
      "Hash": "6dfe8bf774944bd5595785e3229d8771"
    },
    "nlme": {
      "Package": "nlme",
      "Version": "3.1-152",
      "Source": "Repository",
      "Repository": "CRAN",
      "Requirements": [
        "R",
        "graphics",
        "lattice",
        "stats",
        "utils"
      ],
      "Hash": "35de1ce639f20b5e10f7f46260730c65"
    },
    "nnet": {
      "Package": "nnet",
      "Version": "7.3-14",
      "Source": "Repository",
      "Repository": "CRAN",
      "Requirements": [
        "R",
        "stats",
        "utils"
      ],
      "Hash": "0d87e50e11394a7151a28873637d799a"
    },
    "openxlsx": {
      "Package": "openxlsx",
      "Version": "4.2.5.2",
      "Source": "Repository",
      "Repository": "CRAN",
      "Requirements": [
        "R",
        "Rcpp",
        "grDevices",
        "methods",
        "stats",
        "stringi",
        "utils",
        "zip"
      ],
      "Hash": "c03b4c18d42da881fb8e15a085c2b9d6"
    },
    "pastecs": {
      "Package": "pastecs",
      "Version": "1.3.21",
      "Source": "Repository",
      "Repository": "CRAN",
      "Requirements": [
        "boot",
        "grDevices",
        "graphics",
        "stats",
        "utils"
      ],
      "Hash": "1e5a2671af32dc48c40885aa91fa3bdd"
    },
    "pillar": {
      "Package": "pillar",
      "Version": "1.9.0",
      "Source": "Repository",
      "Repository": "CRAN",
      "Requirements": [
        "cli",
        "fansi",
        "glue",
        "lifecycle",
        "rlang",
        "utf8",
        "utils",
        "vctrs"
      ],
      "Hash": "15da5a8412f317beeee6175fbc76f4bb"
    },
    "pkgconfig": {
      "Package": "pkgconfig",
      "Version": "2.0.3",
      "Source": "Repository",
      "Repository": "CRAN",
      "Requirements": [
        "utils"
      ],
      "Hash": "01f28d4278f15c76cddbea05899c5d6f"
    },
    "plyr": {
      "Package": "plyr",
      "Version": "1.8.6",
      "Source": "Repository",
      "Repository": "CRAN",
      "Requirements": [
        "R",
        "Rcpp"
      ],
      "Hash": "ec0e5ab4e5f851f6ef32cd1d1984957f"
    },
    "png": {
      "Package": "png",
      "Version": "0.1-7",
      "Source": "Repository",
      "Repository": "CRAN",
      "Requirements": [
        "R"
      ],
      "Hash": "03b7076c234cb3331288919983326c55"
    },
    "psych": {
      "Package": "psych",
      "Version": "2.3.3",
      "Source": "Repository",
      "Repository": "CRAN",
      "Requirements": [
        "grDevices",
        "graphics",
        "lattice",
        "methods",
        "mnormt",
        "nlme",
        "parallel",
        "stats"
      ],
      "Hash": "4faaecc12b2eea148097ab5d657e0db5"
    },
    "purrr": {
      "Package": "purrr",
      "Version": "1.0.1",
      "Source": "Repository",
      "Repository": "CRAN",
      "Requirements": [
        "R",
        "cli",
        "lifecycle",
        "magrittr",
        "rlang",
        "vctrs"
      ],
      "Hash": "d71c815267c640f17ddbf7f16144b4bb"
    },
    "renv": {
      "Package": "renv",
      "Version": "0.17.3-30",
      "Source": "Repository",
      "Repository": "https://rstudio.r-universe.dev",
      "RemoteUrl": "https://github.com/rstudio/renv",
      "RemoteRef": "HEAD",
      "RemoteSha": "40aa593527e828fe392df24f566427ba04d2961d",
      "Requirements": [
        "utils"
      ],
      "Hash": "79ed2ce16905c38484359f46b4de5ee7"
    },
    "rlang": {
      "Package": "rlang",
      "Version": "1.1.1",
      "Source": "Repository",
      "Repository": "CRAN",
      "Requirements": [
        "R",
        "utils"
      ],
      "Hash": "a85c767b55f0bf9b7ad16c6d7baee5bb"
    },
    "rpart": {
      "Package": "rpart",
      "Version": "4.1-15",
      "Source": "Repository",
      "Repository": "CRAN",
      "Requirements": [
        "R",
        "grDevices",
        "graphics",
        "stats"
      ],
      "Hash": "9787c1fcb680e655d062e7611cadf78e"
    },
    "rstudioapi": {
      "Package": "rstudioapi",
      "Version": "0.13",
      "Source": "Repository",
      "Repository": "CRAN",
      "Hash": "06c85365a03fdaf699966cc1d3cf53ea"
    },
    "scales": {
      "Package": "scales",
      "Version": "1.2.1",
      "Source": "Repository",
      "Repository": "CRAN",
      "Requirements": [
        "R",
        "R6",
        "RColorBrewer",
        "farver",
        "labeling",
        "lifecycle",
        "munsell",
        "rlang",
        "viridisLite"
      ],
      "Hash": "906cb23d2f1c5680b8ce439b44c6fa63"
    },
    "stringi": {
      "Package": "stringi",
      "Version": "1.7.12",
      "Source": "Repository",
      "Repository": "CRAN",
      "Requirements": [
        "R",
        "stats",
        "tools",
        "utils"
      ],
      "Hash": "ca8bd84263c77310739d2cf64d84d7c9"
    },
    "stringr": {
      "Package": "stringr",
      "Version": "1.5.0",
      "Source": "Repository",
      "Repository": "CRAN",
      "Requirements": [
        "R",
        "cli",
        "glue",
        "lifecycle",
        "magrittr",
        "rlang",
        "stringi",
        "vctrs"
      ],
      "Hash": "671a4d384ae9d32fc47a14e98bfa3dc8"
    },
    "survival": {
      "Package": "survival",
      "Version": "3.1-12",
      "Source": "Repository",
      "Repository": "CRAN",
      "Requirements": [
        "Matrix",
        "R",
        "graphics",
        "methods",
        "splines",
        "stats",
        "utils"
      ],
      "Hash": "1c5bb53bd428f3c42a25b7aeb983d8c7"
    },
    "tibble": {
      "Package": "tibble",
      "Version": "3.2.1",
      "Source": "Repository",
      "Repository": "CRAN",
      "Requirements": [
        "R",
        "fansi",
        "lifecycle",
        "magrittr",
        "methods",
        "pillar",
        "pkgconfig",
        "rlang",
        "utils",
        "vctrs"
      ],
      "Hash": "a84e2cc86d07289b3b6f5069df7a004c"
    },
    "tidyr": {
      "Package": "tidyr",
      "Version": "1.3.0",
      "Source": "Repository",
      "Repository": "CRAN",
      "Requirements": [
        "R",
        "cli",
        "cpp11",
        "dplyr",
        "glue",
        "lifecycle",
        "magrittr",
        "purrr",
        "rlang",
        "stringr",
        "tibble",
        "tidyselect",
        "utils",
        "vctrs"
      ],
      "Hash": "e47debdc7ce599b070c8e78e8ac0cfcf"
    },
    "tidyselect": {
      "Package": "tidyselect",
      "Version": "1.2.0",
      "Source": "Repository",
      "Repository": "CRAN",
      "Requirements": [
        "R",
        "cli",
        "glue",
        "lifecycle",
        "rlang",
        "vctrs",
        "withr"
      ],
      "Hash": "79540e5fcd9e0435af547d885f184fd5"
    },
    "tmvnsim": {
      "Package": "tmvnsim",
      "Version": "1.0-2",
      "Source": "Repository",
      "Repository": "CRAN",
      "Hash": "50470c7ed0cc8099cbc17b38f0ef621f"
    },
    "utf8": {
      "Package": "utf8",
      "Version": "1.2.3",
      "Source": "Repository",
      "Repository": "CRAN",
      "Requirements": [
        "R"
      ],
      "Hash": "1fe17157424bb09c48a8b3b550c753bc"
    },
    "vctrs": {
      "Package": "vctrs",
      "Version": "0.6.2",
      "Source": "Repository",
      "Repository": "CRAN",
      "Requirements": [
        "R",
        "cli",
        "glue",
        "lifecycle",
        "rlang"
      ],
      "Hash": "a745bda7aff4734c17294bb41d4e4607"
    },
    "viridis": {
      "Package": "viridis",
      "Version": "0.6.3",
      "Source": "Repository",
      "Repository": "CRAN",
      "Requirements": [
        "R",
        "ggplot2",
        "gridExtra",
        "viridisLite"
      ],
      "Hash": "0d774f552202add033efc43a30293b3f"
    },
    "viridisLite": {
      "Package": "viridisLite",
      "Version": "0.4.1",
      "Source": "Repository",
      "Repository": "CRAN",
      "Requirements": [
        "R"
      ],
      "Hash": "62f4b5da3e08d8e5bcba6cac15603f70"
    },
    "withr": {
      "Package": "withr",
      "Version": "2.5.0",
      "Source": "Repository",
      "Repository": "CRAN",
      "Requirements": [
        "R",
        "grDevices",
        "graphics",
        "stats"
      ],
      "Hash": "c0e49a9760983e81e55cdd9be92e7182"
    },
    "xfun": {
      "Package": "xfun",
      "Version": "0.32",
      "Source": "Repository",
      "Repository": "CRAN",
      "Requirements": [
        "stats",
        "tools"
      ],
      "Hash": "0498af3034691dde715dcd86198efe75"
    },
    "yaml": {
      "Package": "yaml",
      "Version": "2.3.5",
      "Source": "GitHub",
      "RemoteType": "github",
      "RemoteHost": "api.github.com",
      "RemoteRepo": "r-yaml",
      "RemoteUsername": "viking",
      "RemoteRef": "HEAD",
      "RemoteSha": "60c9176a1091d671972957a17fc6a061afe8d30a",
      "Hash": "224a8607e8fb7d6652201e40b40e72b9"
    },
    "zip": {
      "Package": "zip",
      "Version": "2.2.0",
      "Source": "Repository",
      "Repository": "CRAN",
      "Hash": "c7eef2996ac270a18c2715c997a727c5"
    }
  }
}
